
Microsoft Visual Studio Solution File, Format Version 12.00
# Visual Studio Version 16
VisualStudioVersion = 16.0.30309.148
MinimumVisualStudioVersion = 10.0.40219.1
Project("{9A19103F-16F7-4668-BE54-9A1E7A4F7556}") = "Hunter.NATS.Client", "Hunter.NATS.Client\Hunter.NATS.Client.csproj", "{31559577-D23B-4FB9-B366-06F1135D31A7}"
EndProject
Project("{9A19103F-16F7-4668-BE54-9A1E7A4F7556}") = "DotNetty.Codecs.NATS", "DotNetty.Codecs.NATS\DotNetty.Codecs.NATS.csproj", "{AF964607-E817-4A5E-A907-24F90FBFC030}"
EndProject
Project("{9A19103F-16F7-4668-BE54-9A1E7A4F7556}") = "DotNetty.Handlers.NATS", "DotNetty.Handlers.NATS\DotNetty.Handlers.NATS.csproj", "{BD63BA81-EBF5-42B5-8355-15FF0C601501}"
EndProject
Project("{9A19103F-16F7-4668-BE54-9A1E7A4F7556}") = "DotNetty.Codecs.STAN", "DotNetty.Codecs.STAN\DotNetty.Codecs.STAN.csproj", "{FBF1D840-08A3-4E81-BBA1-5005F7CF65E3}"
EndProject
Project("{9A19103F-16F7-4668-BE54-9A1E7A4F7556}") = "DotNetty.Handlers.STAN", "DotNetty.Handlers.STAN\DotNetty.Handlers.STAN.csproj", "{43BDD6A7-2052-40E9-876C-53BE8885429D}"
EndProject
Project("{9A19103F-16F7-4668-BE54-9A1E7A4F7556}") = "Hunter.STAN.Client", "Hunter.STAN.Client\Hunter.STAN.Client.csproj", "{44C677FD-25C7-45BD-8671-C53AC1155628}"
EndProject
Project("{9A19103F-16F7-4668-BE54-9A1E7A4F7556}") = "TestSTANClient", "TestSTANClient\TestSTANClient.csproj", "{5AB44343-DE6D-46AD-971D-3920F650EB4F}"
EndProject
Project("{9A19103F-16F7-4668-BE54-9A1E7A4F7556}") = "TestNATSClient", "TestNATSClient\TestNATSClient.csproj", "{BBAE3379-5548-417A-B4B5-9043515B0C25}"
EndProject
Project("{D954291E-2A0B-460D-934E-DC6B0785DB48}") = "DotNetty.Codecs.Protocol", "DotNetty.Codecs.Protocol\DotNetty.Codecs.Protocol.shproj", "{2775FC7F-EC86-4D6B-8727-086D007AED27}"
EndProject
Project("{9A19103F-16F7-4668-BE54-9A1E7A4F7556}") = "TestSTANSubscription", "TestSTANSubscription\TestSTANSubscription.csproj", "{BE6F479B-318D-46F3-B041-296811CA42B0}"
EndProject
Project("{9A19103F-16F7-4668-BE54-9A1E7A4F7556}") = "Hunter.NATSJetStream.Client", "Hunter.NATSJetStream.Client\Hunter.NATSJetStream.Client.csproj", "{30AFF7FD-16EC-44AC-A62E-20090464283F}"
EndProject
Project("{9A19103F-16F7-4668-BE54-9A1E7A4F7556}") = "DotNetty.Codecs.NATSJetStream", "DotNetty.Codecs.NATSJetStream\DotNetty.Codecs.NATSJetStream.csproj", "{514F345D-1EE9-454C-9C6B-D119371B57AE}"
EndProject
Global
	GlobalSection(SharedMSBuildProjectFiles) = preSolution
		DotNetty.Codecs.Protocol\DotNetty.Codecs.Protocol.projitems*{2775fc7f-ec86-4d6b-8727-086d007aed27}*SharedItemsImports = 13
		DotNetty.Codecs.Protocol\DotNetty.Codecs.Protocol.projitems*{31559577-d23b-4fb9-b366-06f1135d31a7}*SharedItemsImports = 5
		DotNetty.Codecs.Protocol\DotNetty.Codecs.Protocol.projitems*{44c677fd-25c7-45bd-8671-c53ac1155628}*SharedItemsImports = 5
		DotNetty.Codecs.Protocol\DotNetty.Codecs.Protocol.projitems*{af964607-e817-4a5e-a907-24f90fbfc030}*SharedItemsImports = 5
		DotNetty.Codecs.Protocol\DotNetty.Codecs.Protocol.projitems*{fbf1d840-08a3-4e81-bba1-5005f7cf65e3}*SharedItemsImports = 5
	EndGlobalSection
	GlobalSection(SolutionConfigurationPlatforms) = preSolution
		Debug|Any CPU = Debug|Any CPU
		Release|Any CPU = Release|Any CPU
	EndGlobalSection
	GlobalSection(ProjectConfigurationPlatforms) = postSolution
		{31559577-D23B-4FB9-B366-06F1135D31A7}.Debug|Any CPU.ActiveCfg = Debug|Any CPU
		{31559577-D23B-4FB9-B366-06F1135D31A7}.Debug|Any CPU.Build.0 = Debug|Any CPU
		{31559577-D23B-4FB9-B366-06F1135D31A7}.Release|Any CPU.ActiveCfg = Release|Any CPU
		{31559577-D23B-4FB9-B366-06F1135D31A7}.Release|Any CPU.Build.0 = Release|Any CPU
		{AF964607-E817-4A5E-A907-24F90FBFC030}.Debug|Any CPU.ActiveCfg = Debug|Any CPU
		{AF964607-E817-4A5E-A907-24F90FBFC030}.Debug|Any CPU.Build.0 = Debug|Any CPU
		{AF964607-E817-4A5E-A907-24F90FBFC030}.Release|Any CPU.ActiveCfg = Release|Any CPU
		{AF964607-E817-4A5E-A907-24F90FBFC030}.Release|Any CPU.Build.0 = Release|Any CPU
		{BD63BA81-EBF5-42B5-8355-15FF0C601501}.Debug|Any CPU.ActiveCfg = Debug|Any CPU
		{BD63BA81-EBF5-42B5-8355-15FF0C601501}.Debug|Any CPU.Build.0 = Debug|Any CPU
		{BD63BA81-EBF5-42B5-8355-15FF0C601501}.Release|Any CPU.ActiveCfg = Release|Any CPU
		{BD63BA81-EBF5-42B5-8355-15FF0C601501}.Release|Any CPU.Build.0 = Release|Any CPU
		{FBF1D840-08A3-4E81-BBA1-5005F7CF65E3}.Debug|Any CPU.ActiveCfg = Debug|Any CPU
		{FBF1D840-08A3-4E81-BBA1-5005F7CF65E3}.Debug|Any CPU.Build.0 = Debug|Any CPU
		{FBF1D840-08A3-4E81-BBA1-5005F7CF65E3}.Release|Any CPU.ActiveCfg = Release|Any CPU
		{FBF1D840-08A3-4E81-BBA1-5005F7CF65E3}.Release|Any CPU.Build.0 = Release|Any CPU
		{43BDD6A7-2052-40E9-876C-53BE8885429D}.Debug|Any CPU.ActiveCfg = Debug|Any CPU
		{43BDD6A7-2052-40E9-876C-53BE8885429D}.Debug|Any CPU.Build.0 = Debug|Any CPU
		{43BDD6A7-2052-40E9-876C-53BE8885429D}.Release|Any CPU.ActiveCfg = Release|Any CPU
		{43BDD6A7-2052-40E9-876C-53BE8885429D}.Release|Any CPU.Build.0 = Release|Any CPU
		{44C677FD-25C7-45BD-8671-C53AC1155628}.Debug|Any CPU.ActiveCfg = Debug|Any CPU
		{44C677FD-25C7-45BD-8671-C53AC1155628}.Debug|Any CPU.Build.0 = Debug|Any CPU
		{44C677FD-25C7-45BD-8671-C53AC1155628}.Release|Any CPU.ActiveCfg = Release|Any CPU
		{44C677FD-25C7-45BD-8671-C53AC1155628}.Release|Any CPU.Build.0 = Release|Any CPU
		{5AB44343-DE6D-46AD-971D-3920F650EB4F}.Debug|Any CPU.ActiveCfg = Debug|Any CPU
		{5AB44343-DE6D-46AD-971D-3920F650EB4F}.Debug|Any CPU.Build.0 = Debug|Any CPU
		{5AB44343-DE6D-46AD-971D-3920F650EB4F}.Release|Any CPU.ActiveCfg = Release|Any CPU
		{5AB44343-DE6D-46AD-971D-3920F650EB4F}.Release|Any CPU.Build.0 = Release|Any CPU
		{BBAE3379-5548-417A-B4B5-9043515B0C25}.Debug|Any CPU.ActiveCfg = Debug|Any CPU
		{BBAE3379-5548-417A-B4B5-9043515B0C25}.Debug|Any CPU.Build.0 = Debug|Any CPU
		{BBAE3379-5548-417A-B4B5-9043515B0C25}.Release|Any CPU.ActiveCfg = Release|Any CPU
		{BBAE3379-5548-417A-B4B5-9043515B0C25}.Release|Any CPU.Build.0 = Release|Any CPU
		{BE6F479B-318D-46F3-B041-296811CA42B0}.Debug|Any CPU.ActiveCfg = Debug|Any CPU
		{BE6F479B-318D-46F3-B041-296811CA42B0}.Debug|Any CPU.Build.0 = Debug|Any CPU
		{BE6F479B-318D-46F3-B041-296811CA42B0}.Release|Any CPU.ActiveCfg = Release|Any CPU
		{BE6F479B-318D-46F3-B041-296811CA42B0}.Release|Any CPU.Build.0 = Release|Any CPU
		{30AFF7FD-16EC-44AC-A62E-20090464283F}.Debug|Any CPU.ActiveCfg = Debug|Any CPU
		{30AFF7FD-16EC-44AC-A62E-20090464283F}.Debug|Any CPU.Build.0 = Debug|Any CPU
		{30AFF7FD-16EC-44AC-A62E-20090464283F}.Release|Any CPU.ActiveCfg = Release|Any CPU
		{30AFF7FD-16EC-44AC-A62E-20090464283F}.Release|Any CPU.Build.0 = Release|Any CPU
		{514F345D-1EE9-454C-9C6B-D119371B57AE}.Debug|Any CPU.ActiveCfg = Debug|Any CPU
		{514F345D-1EE9-454C-9C6B-D119371B57AE}.Debug|Any CPU.Build.0 = Debug|Any CPU
		{514F345D-1EE9-454C-9C6B-D119371B57AE}.Release|Any CPU.ActiveCfg = Release|Any CPU
		{514F345D-1EE9-454C-9C6B-D119371B57AE}.Release|Any CPU.Build.0 = Release|Any CPU
	EndGlobalSection
	GlobalSection(SolutionProperties) = preSolution
		HideSolutionNode = FALSE
	EndGlobalSection
	GlobalSection(ExtensibilityGlobals) = postSolution
		SolutionGuid = {E91407AF-2D1D-4462-BA7F-6C0A980F70F7}
	EndGlobalSection
EndGlobal
