
Microsoft Visual Studio Solution File, Format Version 12.00
# Visual Studio 15
VisualStudioVersion = 15.0.27703.2018
MinimumVisualStudioVersion = 10.0.40219.1
Project("{9A19103F-16F7-4668-BE54-9A1E7A4F7556}") = "Hunter.NATS.Client", "Hunter.NATS.Client\Hunter.NATS.Client.csproj", "{31559577-D23B-4FB9-B366-06F1135D31A7}"
EndProject
Project("{9A19103F-16F7-4668-BE54-9A1E7A4F7556}") = "DotNetty.Codecs.NATS", "DotNetty.Codecs.NATS\DotNetty.Codecs.NATS.csproj", "{AF964607-E817-4A5E-A907-24F90FBFC030}"
EndProject
Project("{9A19103F-16F7-4668-BE54-9A1E7A4F7556}") = "DotNetty.Handlers.NATS", "DotNetty.Handlers.NATS\DotNetty.Handlers.NATS.csproj", "{BD63BA81-EBF5-42B5-8355-15FF0C601501}"
EndProject
Project("{9A19103F-16F7-4668-BE54-9A1E7A4F7556}") = "DotNetty.Codecs.STAN", "DotNetty.Codecs.STAN\DotNetty.Codecs.STAN.csproj", "{FBF1D840-08A3-4E81-BBA1-5005F7CF65E3}"
EndProject
Project("{9A19103F-16F7-4668-BE54-9A1E7A4F7556}") = "DotNetty.Handlers.STAN", "DotNetty.Handlers.STAN\DotNetty.Handlers.STAN.csproj", "{43BDD6A7-2052-40E9-876C-53BE8885429D}"
EndProject
Project("{9A19103F-16F7-4668-BE54-9A1E7A4F7556}") = "Hunter.STAN.Client", "Hunter.STAN.Client\Hunter.STAN.Client.csproj", "{44C677FD-25C7-45BD-8671-C53AC1155628}"
EndProject
Project("{9A19103F-16F7-4668-BE54-9A1E7A4F7556}") = "TestSTANClient", "TestSTANClient\TestSTANClient.csproj", "{5AB44343-DE6D-46AD-971D-3920F650EB4F}"
EndProject
Global
	GlobalSection(SolutionConfigurationPlatforms) = preSolution
		Debug|Any CPU = Debug|Any CPU
		Release|Any CPU = Release|Any CPU
	EndGlobalSection
	GlobalSection(ProjectConfigurationPlatforms) = postSolution
		{31559577-D23B-4FB9-B366-06F1135D31A7}.Debug|Any CPU.ActiveCfg = Debug|Any CPU
		{31559577-D23B-4FB9-B366-06F1135D31A7}.Debug|Any CPU.Build.0 = Debug|Any CPU
		{31559577-D23B-4FB9-B366-06F1135D31A7}.Release|Any CPU.ActiveCfg = Release|Any CPU
		{31559577-D23B-4FB9-B366-06F1135D31A7}.Release|Any CPU.Build.0 = Release|Any CPU
		{AF964607-E817-4A5E-A907-24F90FBFC030}.Debug|Any CPU.ActiveCfg = Debug|Any CPU
		{AF964607-E817-4A5E-A907-24F90FBFC030}.Debug|Any CPU.Build.0 = Debug|Any CPU
		{AF964607-E817-4A5E-A907-24F90FBFC030}.Release|Any CPU.ActiveCfg = Release|Any CPU
		{AF964607-E817-4A5E-A907-24F90FBFC030}.Release|Any CPU.Build.0 = Release|Any CPU
		{BD63BA81-EBF5-42B5-8355-15FF0C601501}.Debug|Any CPU.ActiveCfg = Debug|Any CPU
		{BD63BA81-EBF5-42B5-8355-15FF0C601501}.Debug|Any CPU.Build.0 = Debug|Any CPU
		{BD63BA81-EBF5-42B5-8355-15FF0C601501}.Release|Any CPU.ActiveCfg = Release|Any CPU
		{BD63BA81-EBF5-42B5-8355-15FF0C601501}.Release|Any CPU.Build.0 = Release|Any CPU
		{FBF1D840-08A3-4E81-BBA1-5005F7CF65E3}.Debug|Any CPU.ActiveCfg = Debug|Any CPU
		{FBF1D840-08A3-4E81-BBA1-5005F7CF65E3}.Debug|Any CPU.Build.0 = Debug|Any CPU
		{FBF1D840-08A3-4E81-BBA1-5005F7CF65E3}.Release|Any CPU.ActiveCfg = Release|Any CPU
		{FBF1D840-08A3-4E81-BBA1-5005F7CF65E3}.Release|Any CPU.Build.0 = Release|Any CPU
		{43BDD6A7-2052-40E9-876C-53BE8885429D}.Debug|Any CPU.ActiveCfg = Debug|Any CPU
		{43BDD6A7-2052-40E9-876C-53BE8885429D}.Debug|Any CPU.Build.0 = Debug|Any CPU
		{43BDD6A7-2052-40E9-876C-53BE8885429D}.Release|Any CPU.ActiveCfg = Release|Any CPU
		{43BDD6A7-2052-40E9-876C-53BE8885429D}.Release|Any CPU.Build.0 = Release|Any CPU
		{44C677FD-25C7-45BD-8671-C53AC1155628}.Debug|Any CPU.ActiveCfg = Debug|Any CPU
		{44C677FD-25C7-45BD-8671-C53AC1155628}.Debug|Any CPU.Build.0 = Debug|Any CPU
		{44C677FD-25C7-45BD-8671-C53AC1155628}.Release|Any CPU.ActiveCfg = Release|Any CPU
		{44C677FD-25C7-45BD-8671-C53AC1155628}.Release|Any CPU.Build.0 = Release|Any CPU
		{5AB44343-DE6D-46AD-971D-3920F650EB4F}.Debug|Any CPU.ActiveCfg = Debug|Any CPU
		{5AB44343-DE6D-46AD-971D-3920F650EB4F}.Debug|Any CPU.Build.0 = Debug|Any CPU
		{5AB44343-DE6D-46AD-971D-3920F650EB4F}.Release|Any CPU.ActiveCfg = Release|Any CPU
		{5AB44343-DE6D-46AD-971D-3920F650EB4F}.Release|Any CPU.Build.0 = Release|Any CPU
	EndGlobalSection
	GlobalSection(SolutionProperties) = preSolution
		HideSolutionNode = FALSE
	EndGlobalSection
	GlobalSection(ExtensibilityGlobals) = postSolution
		SolutionGuid = {E91407AF-2D1D-4462-BA7F-6C0A980F70F7}
	EndGlobalSection
EndGlobal
